
Microsoft Visual Studio Solution File, Format Version 12.00
# Visual Studio Version 17
VisualStudioVersion = 17.13.35818.85
MinimumVisualStudioVersion = 10.0.40219.1
Project("{8BC9CEB8-8B4A-11D0-8D11-00A0C91BC942}") = "Lab_1", "Lab_1\Lab_1.vcxproj", "{82FA6F2D-AE55-48F4-9FB5-F2820201B20E}"
EndProject
Project("{8BC9CEB8-8B4A-11D0-8D11-00A0C91BC942}") = "Lab_2", "Lab_2\Lab_2.vcxproj", "{85E434A1-9299-414A-8627-0965B19A85F4}"
EndProject
Project("{8BC9CEB8-8B4A-11D0-8D11-00A0C91BC942}") = "Lab_3", "Lab_3\Lab_3.vcxproj", "{5A6365B6-D394-4EB4-996E-0747B138187C}"
EndProject
Project("{8BC9CEB8-8B4A-11D0-8D11-00A0C91BC942}") = "Lab_6", "Lab_6\Lab_6.vcxproj", "{11D95B35-0FC3-4CAB-ACC3-0ECBD3EC9D41}"
EndProject
Project("{8BC9CEB8-8B4A-11D0-8D11-00A0C91BC942}") = "Lab_10", "Lab_10\Lab_10.vcxproj", "{358C8E31-B940-4EEE-BAEB-38BC951D83FB}"
EndProject
Project("{8BC9CEB8-8B4A-11D0-8D11-00A0C91BC942}") = "Lab_7", "Lab_7\Lab_7.vcxproj", "{0CF1A3DE-1246-4163-BA2B-76CE397C4327}"
EndProject
Project("{8BC9CEB8-8B4A-11D0-8D11-00A0C91BC942}") = "Lab_8-9", "Lab_8-9\Lab_8-9.vcxproj", "{54F7D757-1CC1-4AD9-8C38-0D9FF295EDA7}"
EndProject
Global
	GlobalSection(SolutionConfigurationPlatforms) = preSolution
		Debug|x64 = Debug|x64
		Debug|x86 = Debug|x86
		Release|x64 = Release|x64
		Release|x86 = Release|x86
	EndGlobalSection
	GlobalSection(ProjectConfigurationPlatforms) = postSolution
		{82FA6F2D-AE55-48F4-9FB5-F2820201B20E}.Debug|x64.ActiveCfg = Debug|x64
		{82FA6F2D-AE55-48F4-9FB5-F2820201B20E}.Debug|x64.Build.0 = Debug|x64
		{82FA6F2D-AE55-48F4-9FB5-F2820201B20E}.Debug|x86.ActiveCfg = Debug|Win32
		{82FA6F2D-AE55-48F4-9FB5-F2820201B20E}.Debug|x86.Build.0 = Debug|Win32
		{82FA6F2D-AE55-48F4-9FB5-F2820201B20E}.Release|x64.ActiveCfg = Release|x64
		{82FA6F2D-AE55-48F4-9FB5-F2820201B20E}.Release|x64.Build.0 = Release|x64
		{82FA6F2D-AE55-48F4-9FB5-F2820201B20E}.Release|x86.ActiveCfg = Release|Win32
		{82FA6F2D-AE55-48F4-9FB5-F2820201B20E}.Release|x86.Build.0 = Release|Win32
		{85E434A1-9299-414A-8627-0965B19A85F4}.Debug|x64.ActiveCfg = Debug|x64
		{85E434A1-9299-414A-8627-0965B19A85F4}.Debug|x64.Build.0 = Debug|x64
		{85E434A1-9299-414A-8627-0965B19A85F4}.Debug|x86.ActiveCfg = Debug|Win32
		{85E434A1-9299-414A-8627-0965B19A85F4}.Debug|x86.Build.0 = Debug|Win32
		{85E434A1-9299-414A-8627-0965B19A85F4}.Release|x64.ActiveCfg = Release|x64
		{85E434A1-9299-414A-8627-0965B19A85F4}.Release|x64.Build.0 = Release|x64
		{85E434A1-9299-414A-8627-0965B19A85F4}.Release|x86.ActiveCfg = Release|Win32
		{85E434A1-9299-414A-8627-0965B19A85F4}.Release|x86.Build.0 = Release|Win32
		{5A6365B6-D394-4EB4-996E-0747B138187C}.Debug|x64.ActiveCfg = Debug|x64
		{5A6365B6-D394-4EB4-996E-0747B138187C}.Debug|x64.Build.0 = Debug|x64
		{5A6365B6-D394-4EB4-996E-0747B138187C}.Debug|x86.ActiveCfg = Debug|Win32
		{5A6365B6-D394-4EB4-996E-0747B138187C}.Debug|x86.Build.0 = Debug|Win32
		{5A6365B6-D394-4EB4-996E-0747B138187C}.Release|x64.ActiveCfg = Release|x64
		{5A6365B6-D394-4EB4-996E-0747B138187C}.Release|x64.Build.0 = Release|x64
		{5A6365B6-D394-4EB4-996E-0747B138187C}.Release|x86.ActiveCfg = Release|Win32
		{5A6365B6-D394-4EB4-996E-0747B138187C}.Release|x86.Build.0 = Release|Win32
		{11D95B35-0FC3-4CAB-ACC3-0ECBD3EC9D41}.Debug|x64.ActiveCfg = Debug|x64
		{11D95B35-0FC3-4CAB-ACC3-0ECBD3EC9D41}.Debug|x64.Build.0 = Debug|x64
		{11D95B35-0FC3-4CAB-ACC3-0ECBD3EC9D41}.Debug|x86.ActiveCfg = Debug|Win32
		{11D95B35-0FC3-4CAB-ACC3-0ECBD3EC9D41}.Debug|x86.Build.0 = Debug|Win32
		{11D95B35-0FC3-4CAB-ACC3-0ECBD3EC9D41}.Release|x64.ActiveCfg = Release|x64
		{11D95B35-0FC3-4CAB-ACC3-0ECBD3EC9D41}.Release|x64.Build.0 = Release|x64
		{11D95B35-0FC3-4CAB-ACC3-0ECBD3EC9D41}.Release|x86.ActiveCfg = Release|Win32
		{11D95B35-0FC3-4CAB-ACC3-0ECBD3EC9D41}.Release|x86.Build.0 = Release|Win32
		{358C8E31-B940-4EEE-BAEB-38BC951D83FB}.Debug|x64.ActiveCfg = Debug|x64
		{358C8E31-B940-4EEE-BAEB-38BC951D83FB}.Debug|x64.Build.0 = Debug|x64
		{358C8E31-B940-4EEE-BAEB-38BC951D83FB}.Debug|x86.ActiveCfg = Debug|Win32
		{358C8E31-B940-4EEE-BAEB-38BC951D83FB}.Debug|x86.Build.0 = Debug|Win32
		{358C8E31-B940-4EEE-BAEB-38BC951D83FB}.Release|x64.ActiveCfg = Release|x64
		{358C8E31-B940-4EEE-BAEB-38BC951D83FB}.Release|x64.Build.0 = Release|x64
		{358C8E31-B940-4EEE-BAEB-38BC951D83FB}.Release|x86.ActiveCfg = Release|Win32
		{358C8E31-B940-4EEE-BAEB-38BC951D83FB}.Release|x86.Build.0 = Release|Win32
		{0CF1A3DE-1246-4163-BA2B-76CE397C4327}.Debug|x64.ActiveCfg = Debug|x64
		{0CF1A3DE-1246-4163-BA2B-76CE397C4327}.Debug|x64.Build.0 = Debug|x64
		{0CF1A3DE-1246-4163-BA2B-76CE397C4327}.Debug|x86.ActiveCfg = Debug|Win32
		{0CF1A3DE-1246-4163-BA2B-76CE397C4327}.Debug|x86.Build.0 = Debug|Win32
		{0CF1A3DE-1246-4163-BA2B-76CE397C4327}.Release|x64.ActiveCfg = Release|x64
		{0CF1A3DE-1246-4163-BA2B-76CE397C4327}.Release|x64.Build.0 = Release|x64
		{0CF1A3DE-1246-4163-BA2B-76CE397C4327}.Release|x86.ActiveCfg = Release|Win32
		{0CF1A3DE-1246-4163-BA2B-76CE397C4327}.Release|x86.Build.0 = Release|Win32
		{54F7D757-1CC1-4AD9-8C38-0D9FF295EDA7}.Debug|x64.ActiveCfg = Debug|x64
		{54F7D757-1CC1-4AD9-8C38-0D9FF295EDA7}.Debug|x64.Build.0 = Debug|x64
		{54F7D757-1CC1-4AD9-8C38-0D9FF295EDA7}.Debug|x86.ActiveCfg = Debug|Win32
		{54F7D757-1CC1-4AD9-8C38-0D9FF295EDA7}.Debug|x86.Build.0 = Debug|Win32
		{54F7D757-1CC1-4AD9-8C38-0D9FF295EDA7}.Release|x64.ActiveCfg = Release|x64
		{54F7D757-1CC1-4AD9-8C38-0D9FF295EDA7}.Release|x64.Build.0 = Release|x64
		{54F7D757-1CC1-4AD9-8C38-0D9FF295EDA7}.Release|x86.ActiveCfg = Release|Win32
		{54F7D757-1CC1-4AD9-8C38-0D9FF295EDA7}.Release|x86.Build.0 = Release|Win32
	EndGlobalSection
	GlobalSection(SolutionProperties) = preSolution
		HideSolutionNode = FALSE
	EndGlobalSection
	GlobalSection(ExtensibilityGlobals) = postSolution
		SolutionGuid = {DC22FCAC-1027-4AD9-B314-1F67363447E0}
	EndGlobalSection
EndGlobal
